
Microsoft Visual Studio Solution File, Format Version 12.00
# Visual Studio Version 17
VisualStudioVersion = 17.4.33213.308
MinimumVisualStudioVersion = 10.0.40219.1
Project("{FAE04EC0-301F-11D3-BF4B-00C04F79EFBC}") = "NumerosRomanos1.UWP", "NumerosRomanos1\NumerosRomanos1.UWP\NumerosRomanos1.UWP.csproj", "{1ED5A62C-70DD-4E2C-9EBE-D6870752CCCC}"
EndProject
Project("{FAE04EC0-301F-11D3-BF4B-00C04F79EFBC}") = "NumerosRomanos1.Android", "NumerosRomanos1\NumerosRomanos1.Android\NumerosRomanos1.Android.csproj", "{ACA13A41-0047-40FF-94F1-C63E1C49D441}"
EndProject
Project("{FAE04EC0-301F-11D3-BF4B-00C04F79EFBC}") = "NumerosRomanos1.iOS", "NumerosRomanos1\NumerosRomanos1.iOS\NumerosRomanos1.iOS.csproj", "{C80F9857-709F-444B-B424-35397B8A3509}"
EndProject
Project("{FAE04EC0-301F-11D3-BF4B-00C04F79EFBC}") = "NumerosRomanos1", "NumerosRomanos1\NumerosRomanos1\NumerosRomanos1.csproj", "{71D7B76A-F065-4A15-8711-846B6B300ADC}"
EndProject
Global
	GlobalSection(SolutionConfigurationPlatforms) = preSolution
		Debug|Any CPU = Debug|Any CPU
		Debug|ARM = Debug|ARM
		Debug|iPhone = Debug|iPhone
		Debug|iPhoneSimulator = Debug|iPhoneSimulator
		Debug|x64 = Debug|x64
		Debug|x86 = Debug|x86
		Release|Any CPU = Release|Any CPU
		Release|ARM = Release|ARM
		Release|iPhone = Release|iPhone
		Release|iPhoneSimulator = Release|iPhoneSimulator
		Release|x64 = Release|x64
		Release|x86 = Release|x86
	EndGlobalSection
	GlobalSection(ProjectConfigurationPlatforms) = postSolution
		{1ED5A62C-70DD-4E2C-9EBE-D6870752CCCC}.Debug|Any CPU.ActiveCfg = Debug|x64
		{1ED5A62C-70DD-4E2C-9EBE-D6870752CCCC}.Debug|Any CPU.Build.0 = Debug|x64
		{1ED5A62C-70DD-4E2C-9EBE-D6870752CCCC}.Debug|Any CPU.Deploy.0 = Debug|x64
		{1ED5A62C-70DD-4E2C-9EBE-D6870752CCCC}.Debug|ARM.ActiveCfg = Debug|ARM
		{1ED5A62C-70DD-4E2C-9EBE-D6870752CCCC}.Debug|ARM.Build.0 = Debug|ARM
		{1ED5A62C-70DD-4E2C-9EBE-D6870752CCCC}.Debug|ARM.Deploy.0 = Debug|ARM
		{1ED5A62C-70DD-4E2C-9EBE-D6870752CCCC}.Debug|iPhone.ActiveCfg = Debug|x64
		{1ED5A62C-70DD-4E2C-9EBE-D6870752CCCC}.Debug|iPhone.Build.0 = Debug|x64
		{1ED5A62C-70DD-4E2C-9EBE-D6870752CCCC}.Debug|iPhone.Deploy.0 = Debug|x64
		{1ED5A62C-70DD-4E2C-9EBE-D6870752CCCC}.Debug|iPhoneSimulator.ActiveCfg = Debug|x64
		{1ED5A62C-70DD-4E2C-9EBE-D6870752CCCC}.Debug|iPhoneSimulator.Build.0 = Debug|x64
		{1ED5A62C-70DD-4E2C-9EBE-D6870752CCCC}.Debug|iPhoneSimulator.Deploy.0 = Debug|x64
		{1ED5A62C-70DD-4E2C-9EBE-D6870752CCCC}.Debug|x64.ActiveCfg = Debug|x64
		{1ED5A62C-70DD-4E2C-9EBE-D6870752CCCC}.Debug|x64.Build.0 = Debug|x64
		{1ED5A62C-70DD-4E2C-9EBE-D6870752CCCC}.Debug|x64.Deploy.0 = Debug|x64
		{1ED5A62C-70DD-4E2C-9EBE-D6870752CCCC}.Debug|x86.ActiveCfg = Debug|x86
		{1ED5A62C-70DD-4E2C-9EBE-D6870752CCCC}.Debug|x86.Build.0 = Debug|x86
		{1ED5A62C-70DD-4E2C-9EBE-D6870752CCCC}.Debug|x86.Deploy.0 = Debug|x86
		{1ED5A62C-70DD-4E2C-9EBE-D6870752CCCC}.Release|Any CPU.ActiveCfg = Release|x64
		{1ED5A62C-70DD-4E2C-9EBE-D6870752CCCC}.Release|Any CPU.Build.0 = Release|x64
		{1ED5A62C-70DD-4E2C-9EBE-D6870752CCCC}.Release|Any CPU.Deploy.0 = Release|x64
		{1ED5A62C-70DD-4E2C-9EBE-D6870752CCCC}.Release|ARM.ActiveCfg = Release|ARM
		{1ED5A62C-70DD-4E2C-9EBE-D6870752CCCC}.Release|ARM.Build.0 = Release|ARM
		{1ED5A62C-70DD-4E2C-9EBE-D6870752CCCC}.Release|ARM.Deploy.0 = Release|ARM
		{1ED5A62C-70DD-4E2C-9EBE-D6870752CCCC}.Release|iPhone.ActiveCfg = Release|x64
		{1ED5A62C-70DD-4E2C-9EBE-D6870752CCCC}.Release|iPhone.Build.0 = Release|x64
		{1ED5A62C-70DD-4E2C-9EBE-D6870752CCCC}.Release|iPhone.Deploy.0 = Release|x64
		{1ED5A62C-70DD-4E2C-9EBE-D6870752CCCC}.Release|iPhoneSimulator.ActiveCfg = Release|x64
		{1ED5A62C-70DD-4E2C-9EBE-D6870752CCCC}.Release|iPhoneSimulator.Build.0 = Release|x64
		{1ED5A62C-70DD-4E2C-9EBE-D6870752CCCC}.Release|iPhoneSimulator.Deploy.0 = Release|x64
		{1ED5A62C-70DD-4E2C-9EBE-D6870752CCCC}.Release|x64.ActiveCfg = Release|x64
		{1ED5A62C-70DD-4E2C-9EBE-D6870752CCCC}.Release|x64.Build.0 = Release|x64
		{1ED5A62C-70DD-4E2C-9EBE-D6870752CCCC}.Release|x64.Deploy.0 = Release|x64
		{1ED5A62C-70DD-4E2C-9EBE-D6870752CCCC}.Release|x86.ActiveCfg = Release|x86
		{1ED5A62C-70DD-4E2C-9EBE-D6870752CCCC}.Release|x86.Build.0 = Release|x86
		{1ED5A62C-70DD-4E2C-9EBE-D6870752CCCC}.Release|x86.Deploy.0 = Release|x86
		{ACA13A41-0047-40FF-94F1-C63E1C49D441}.Debug|Any CPU.ActiveCfg = Debug|Any CPU
		{ACA13A41-0047-40FF-94F1-C63E1C49D441}.Debug|Any CPU.Build.0 = Debug|Any CPU
		{ACA13A41-0047-40FF-94F1-C63E1C49D441}.Debug|Any CPU.Deploy.0 = Debug|Any CPU
		{ACA13A41-0047-40FF-94F1-C63E1C49D441}.Debug|ARM.ActiveCfg = Debug|Any CPU
		{ACA13A41-0047-40FF-94F1-C63E1C49D441}.Debug|ARM.Build.0 = Debug|Any CPU
		{ACA13A41-0047-40FF-94F1-C63E1C49D441}.Debug|ARM.Deploy.0 = Debug|Any CPU
		{ACA13A41-0047-40FF-94F1-C63E1C49D441}.Debug|iPhone.ActiveCfg = Debug|Any CPU
		{ACA13A41-0047-40FF-94F1-C63E1C49D441}.Debug|iPhone.Build.0 = Debug|Any CPU
		{ACA13A41-0047-40FF-94F1-C63E1C49D441}.Debug|iPhone.Deploy.0 = Debug|Any CPU
		{ACA13A41-0047-40FF-94F1-C63E1C49D441}.Debug|iPhoneSimulator.ActiveCfg = Debug|Any CPU
		{ACA13A41-0047-40FF-94F1-C63E1C49D441}.Debug|iPhoneSimulator.Build.0 = Debug|Any CPU
		{ACA13A41-0047-40FF-94F1-C63E1C49D441}.Debug|iPhoneSimulator.Deploy.0 = Debug|Any CPU
		{ACA13A41-0047-40FF-94F1-C63E1C49D441}.Debug|x64.ActiveCfg = Debug|Any CPU
		{ACA13A41-0047-40FF-94F1-C63E1C49D441}.Debug|x64.Build.0 = Debug|Any CPU
		{ACA13A41-0047-40FF-94F1-C63E1C49D441}.Debug|x64.Deploy.0 = Debug|Any CPU
		{ACA13A41-0047-40FF-94F1-C63E1C49D441}.Debug|x86.ActiveCfg = Debug|Any CPU
		{ACA13A41-0047-40FF-94F1-C63E1C49D441}.Debug|x86.Build.0 = Debug|Any CPU
		{ACA13A41-0047-40FF-94F1-C63E1C49D441}.Debug|x86.Deploy.0 = Debug|Any CPU
		{ACA13A41-0047-40FF-94F1-C63E1C49D441}.Release|Any CPU.ActiveCfg = Release|Any CPU
		{ACA13A41-0047-40FF-94F1-C63E1C49D441}.Release|Any CPU.Build.0 = Release|Any CPU
		{ACA13A41-0047-40FF-94F1-C63E1C49D441}.Release|Any CPU.Deploy.0 = Release|Any CPU
		{ACA13A41-0047-40FF-94F1-C63E1C49D441}.Release|ARM.ActiveCfg = Release|Any CPU
		{ACA13A41-0047-40FF-94F1-C63E1C49D441}.Release|ARM.Build.0 = Release|Any CPU
		{ACA13A41-0047-40FF-94F1-C63E1C49D441}.Release|ARM.Deploy.0 = Release|Any CPU
		{ACA13A41-0047-40FF-94F1-C63E1C49D441}.Release|iPhone.ActiveCfg = Release|Any CPU
		{ACA13A41-0047-40FF-94F1-C63E1C49D441}.Release|iPhone.Build.0 = Release|Any CPU
		{ACA13A41-0047-40FF-94F1-C63E1C49D441}.Release|iPhone.Deploy.0 = Release|Any CPU
		{ACA13A41-0047-40FF-94F1-C63E1C49D441}.Release|iPhoneSimulator.ActiveCfg = Release|Any CPU
		{ACA13A41-0047-40FF-94F1-C63E1C49D441}.Release|iPhoneSimulator.Build.0 = Release|Any CPU
		{ACA13A41-0047-40FF-94F1-C63E1C49D441}.Release|iPhoneSimulator.Deploy.0 = Release|Any CPU
		{ACA13A41-0047-40FF-94F1-C63E1C49D441}.Release|x64.ActiveCfg = Release|Any CPU
		{ACA13A41-0047-40FF-94F1-C63E1C49D441}.Release|x64.Build.0 = Release|Any CPU
		{ACA13A41-0047-40FF-94F1-C63E1C49D441}.Release|x64.Deploy.0 = Release|Any CPU
		{ACA13A41-0047-40FF-94F1-C63E1C49D441}.Release|x86.ActiveCfg = Release|Any CPU
		{ACA13A41-0047-40FF-94F1-C63E1C49D441}.Release|x86.Build.0 = Release|Any CPU
		{ACA13A41-0047-40FF-94F1-C63E1C49D441}.Release|x86.Deploy.0 = Release|Any CPU
		{C80F9857-709F-444B-B424-35397B8A3509}.Debug|Any CPU.ActiveCfg = Debug|iPhoneSimulator
		{C80F9857-709F-444B-B424-35397B8A3509}.Debug|Any CPU.Build.0 = Debug|iPhoneSimulator
		{C80F9857-709F-444B-B424-35397B8A3509}.Debug|Any CPU.Deploy.0 = Debug|iPhoneSimulator
		{C80F9857-709F-444B-B424-35397B8A3509}.Debug|ARM.ActiveCfg = Debug|iPhoneSimulator
		{C80F9857-709F-444B-B424-35397B8A3509}.Debug|ARM.Build.0 = Debug|iPhoneSimulator
		{C80F9857-709F-444B-B424-35397B8A3509}.Debug|ARM.Deploy.0 = Debug|iPhoneSimulator
		{C80F9857-709F-444B-B424-35397B8A3509}.Debug|iPhone.ActiveCfg = Debug|iPhone
		{C80F9857-709F-444B-B424-35397B8A3509}.Debug|iPhone.Build.0 = Debug|iPhone
		{C80F9857-709F-444B-B424-35397B8A3509}.Debug|iPhone.Deploy.0 = Debug|iPhone
		{C80F9857-709F-444B-B424-35397B8A3509}.Debug|iPhoneSimulator.ActiveCfg = Debug|iPhoneSimulator
		{C80F9857-709F-444B-B424-35397B8A3509}.Debug|iPhoneSimulator.Build.0 = Debug|iPhoneSimulator
		{C80F9857-709F-444B-B424-35397B8A3509}.Debug|iPhoneSimulator.Deploy.0 = Debug|iPhoneSimulator
		{C80F9857-709F-444B-B424-35397B8A3509}.Debug|x64.ActiveCfg = Debug|iPhone
		{C80F9857-709F-444B-B424-35397B8A3509}.Debug|x64.Build.0 = Debug|iPhone
		{C80F9857-709F-444B-B424-35397B8A3509}.Debug|x64.Deploy.0 = Debug|iPhone
		{C80F9857-709F-444B-B424-35397B8A3509}.Debug|x86.ActiveCfg = Debug|iPhoneSimulator
		{C80F9857-709F-444B-B424-35397B8A3509}.Debug|x86.Build.0 = Debug|iPhoneSimulator
		{C80F9857-709F-444B-B424-35397B8A3509}.Debug|x86.Deploy.0 = Debug|iPhoneSimulator
		{C80F9857-709F-444B-B424-35397B8A3509}.Release|Any CPU.ActiveCfg = Release|iPhoneSimulator
		{C80F9857-709F-444B-B424-35397B8A3509}.Release|Any CPU.Build.0 = Release|iPhoneSimulator
		{C80F9857-709F-444B-B424-35397B8A3509}.Release|Any CPU.Deploy.0 = Release|iPhoneSimulator
		{C80F9857-709F-444B-B424-35397B8A3509}.Release|ARM.ActiveCfg = Release|iPhoneSimulator
		{C80F9857-709F-444B-B424-35397B8A3509}.Release|ARM.Build.0 = Release|iPhoneSimulator
		{C80F9857-709F-444B-B424-35397B8A3509}.Release|ARM.Deploy.0 = Release|iPhoneSimulator
		{C80F9857-709F-444B-B424-35397B8A3509}.Release|iPhone.ActiveCfg = Release|iPhone
		{C80F9857-709F-444B-B424-35397B8A3509}.Release|iPhone.Build.0 = Release|iPhone
		{C80F9857-709F-444B-B424-35397B8A3509}.Release|iPhone.Deploy.0 = Release|iPhone
		{C80F9857-709F-444B-B424-35397B8A3509}.Release|iPhoneSimulator.ActiveCfg = Release|iPhoneSimulator
		{C80F9857-709F-444B-B424-35397B8A3509}.Release|iPhoneSimulator.Build.0 = Release|iPhoneSimulator
		{C80F9857-709F-444B-B424-35397B8A3509}.Release|iPhoneSimulator.Deploy.0 = Release|iPhoneSimulator
		{C80F9857-709F-444B-B424-35397B8A3509}.Release|x64.ActiveCfg = Release|iPhoneSimulator
		{C80F9857-709F-444B-B424-35397B8A3509}.Release|x64.Build.0 = Release|iPhoneSimulator
		{C80F9857-709F-444B-B424-35397B8A3509}.Release|x64.Deploy.0 = Release|iPhoneSimulator
		{C80F9857-709F-444B-B424-35397B8A3509}.Release|x86.ActiveCfg = Release|iPhoneSimulator
		{C80F9857-709F-444B-B424-35397B8A3509}.Release|x86.Build.0 = Release|iPhoneSimulator
		{C80F9857-709F-444B-B424-35397B8A3509}.Release|x86.Deploy.0 = Release|iPhoneSimulator
		{71D7B76A-F065-4A15-8711-846B6B300ADC}.Debug|Any CPU.ActiveCfg = Debug|Any CPU
		{71D7B76A-F065-4A15-8711-846B6B300ADC}.Debug|Any CPU.Build.0 = Debug|Any CPU
		{71D7B76A-F065-4A15-8711-846B6B300ADC}.Debug|Any CPU.Deploy.0 = Debug|Any CPU
		{71D7B76A-F065-4A15-8711-846B6B300ADC}.Debug|ARM.ActiveCfg = Debug|Any CPU
		{71D7B76A-F065-4A15-8711-846B6B300ADC}.Debug|ARM.Build.0 = Debug|Any CPU
		{71D7B76A-F065-4A15-8711-846B6B300ADC}.Debug|ARM.Deploy.0 = Debug|Any CPU
		{71D7B76A-F065-4A15-8711-846B6B300ADC}.Debug|iPhone.ActiveCfg = Debug|Any CPU
		{71D7B76A-F065-4A15-8711-846B6B300ADC}.Debug|iPhone.Build.0 = Debug|Any CPU
		{71D7B76A-F065-4A15-8711-846B6B300ADC}.Debug|iPhone.Deploy.0 = Debug|Any CPU
		{71D7B76A-F065-4A15-8711-846B6B300ADC}.Debug|iPhoneSimulator.ActiveCfg = Debug|Any CPU
		{71D7B76A-F065-4A15-8711-846B6B300ADC}.Debug|iPhoneSimulator.Build.0 = Debug|Any CPU
		{71D7B76A-F065-4A15-8711-846B6B300ADC}.Debug|iPhoneSimulator.Deploy.0 = Debug|Any CPU
		{71D7B76A-F065-4A15-8711-846B6B300ADC}.Debug|x64.ActiveCfg = Debug|Any CPU
		{71D7B76A-F065-4A15-8711-846B6B300ADC}.Debug|x64.Build.0 = Debug|Any CPU
		{71D7B76A-F065-4A15-8711-846B6B300ADC}.Debug|x64.Deploy.0 = Debug|Any CPU
		{71D7B76A-F065-4A15-8711-846B6B300ADC}.Debug|x86.ActiveCfg = Debug|Any CPU
		{71D7B76A-F065-4A15-8711-846B6B300ADC}.Debug|x86.Build.0 = Debug|Any CPU
		{71D7B76A-F065-4A15-8711-846B6B300ADC}.Debug|x86.Deploy.0 = Debug|Any CPU
		{71D7B76A-F065-4A15-8711-846B6B300ADC}.Release|Any CPU.ActiveCfg = Release|Any CPU
		{71D7B76A-F065-4A15-8711-846B6B300ADC}.Release|Any CPU.Build.0 = Release|Any CPU
		{71D7B76A-F065-4A15-8711-846B6B300ADC}.Release|Any CPU.Deploy.0 = Release|Any CPU
		{71D7B76A-F065-4A15-8711-846B6B300ADC}.Release|ARM.ActiveCfg = Release|Any CPU
		{71D7B76A-F065-4A15-8711-846B6B300ADC}.Release|ARM.Build.0 = Release|Any CPU
		{71D7B76A-F065-4A15-8711-846B6B300ADC}.Release|ARM.Deploy.0 = Release|Any CPU
		{71D7B76A-F065-4A15-8711-846B6B300ADC}.Release|iPhone.ActiveCfg = Release|Any CPU
		{71D7B76A-F065-4A15-8711-846B6B300ADC}.Release|iPhone.Build.0 = Release|Any CPU
		{71D7B76A-F065-4A15-8711-846B6B300ADC}.Release|iPhone.Deploy.0 = Release|Any CPU
		{71D7B76A-F065-4A15-8711-846B6B300ADC}.Release|iPhoneSimulator.ActiveCfg = Release|Any CPU
		{71D7B76A-F065-4A15-8711-846B6B300ADC}.Release|iPhoneSimulator.Build.0 = Release|Any CPU
		{71D7B76A-F065-4A15-8711-846B6B300ADC}.Release|iPhoneSimulator.Deploy.0 = Release|Any CPU
		{71D7B76A-F065-4A15-8711-846B6B300ADC}.Release|x64.ActiveCfg = Release|Any CPU
		{71D7B76A-F065-4A15-8711-846B6B300ADC}.Release|x64.Build.0 = Release|Any CPU
		{71D7B76A-F065-4A15-8711-846B6B300ADC}.Release|x64.Deploy.0 = Release|Any CPU
		{71D7B76A-F065-4A15-8711-846B6B300ADC}.Release|x86.ActiveCfg = Release|Any CPU
		{71D7B76A-F065-4A15-8711-846B6B300ADC}.Release|x86.Build.0 = Release|Any CPU
		{71D7B76A-F065-4A15-8711-846B6B300ADC}.Release|x86.Deploy.0 = Release|Any CPU
	EndGlobalSection
	GlobalSection(SolutionProperties) = preSolution
		HideSolutionNode = FALSE
	EndGlobalSection
	GlobalSection(ExtensibilityGlobals) = postSolution
		SolutionGuid = {24261883-2A3B-4194-B054-A2C7BF4C5F19}
	EndGlobalSection
EndGlobal
